#MicroXplorer Configuration settings - do not modify
Dma.ADC.0.Direction=DMA_PERIPH_TO_MEMORY
Dma.ADC.0.Instance=DMA1_Channel1
Dma.ADC.0.MemDataAlignment=DMA_MDATAALIGN_HALFWORD
Dma.ADC.0.MemInc=DMA_MINC_ENABLE
Dma.ADC.0.Mode=DMA_CIRCULAR
Dma.ADC.0.PeriphDataAlignment=DMA_PDATAALIGN_HALFWORD
Dma.ADC.0.PeriphInc=DMA_PINC_DISABLE
Dma.ADC.0.Priority=DMA_PRIORITY_LOW
Dma.ADC.0.RequestParameters=Instance,Direction,PeriphInc,MemInc,PeriphDataAlignment,MemDataAlignment,Mode,Priority
Dma.Request0=ADC
Dma.RequestsNb=1
File.Version=6
GPIO.groupedBy=
I2C1.DualAddressMode=I2C_DUALADDRESS_ENABLE
I2C1.I2C_Speed_Mode=I2C_Standard
I2C1.IPParameters=I2C_Speed_Mode,Timing,DualAddressMode,OwnAddress
I2C1.OwnAddress=11
I2C1.Timing=0x2000090E
KeepUserPlacement=false
Mcu.Family=STM32F0
Mcu.IP0=ADC
Mcu.IP1=DMA
Mcu.IP2=I2C1
Mcu.IP3=NVIC
Mcu.IP4=RCC
Mcu.IP5=SYS
Mcu.IP6=TIM3
Mcu.IP7=TIM14
Mcu.IPNb=8
Mcu.Name=STM32F042F6Px
Mcu.Package=TSSOP20
Mcu.Pin0=PF0-OSC_IN
Mcu.Pin1=PF1-OSC_OUT
Mcu.Pin10=VP_TIM14_VS_ClockSourceINT
Mcu.Pin2=PA4
Mcu.Pin3=PA6
Mcu.Pin4=PA7
Mcu.Pin5=PA9
Mcu.Pin6=PA10
Mcu.Pin7=PA13
Mcu.Pin8=PA14
Mcu.Pin9=VP_SYS_VS_Systick
Mcu.PinsNb=11
Mcu.ThirdPartyNb=0
Mcu.UserConstants=
Mcu.UserName=STM32F042F6Px
MxCube.Version=6.2.1
MxDb.Version=DB.6.0.21
NVIC.ADC1_IRQn=true\:1\:0\:true\:false\:true\:true\:true
NVIC.DMA1_Channel1_IRQn=true\:0\:0\:false\:false\:true\:false\:true
NVIC.ForceEnableDMAVector=true
NVIC.HardFault_IRQn=true\:0\:0\:false\:false\:true\:false\:false
NVIC.I2C1_IRQn=true\:0\:0\:false\:false\:true\:true\:true
NVIC.NonMaskableInt_IRQn=true\:0\:0\:false\:false\:true\:false\:false
NVIC.PendSV_IRQn=true\:0\:0\:false\:false\:true\:false\:false
NVIC.SVC_IRQn=true\:0\:0\:false\:false\:true\:false\:false
NVIC.SysTick_IRQn=true\:0\:0\:false\:false\:true\:false\:true
NVIC.TIM14_IRQn=true\:3\:0\:true\:false\:true\:true\:true
PA10.Locked=true
PA10.Mode=I2C
PA10.Signal=I2C1_SDA
PA13.Mode=Serial_Wire
PA13.Signal=SYS_SWDIO
PA14.Mode=Serial_Wire
PA14.Signal=SYS_SWCLK
PA4.Locked=true
PA4.Mode=IN4
PA4.Signal=ADC_IN4
PA6.Locked=true
PA6.Signal=S_TIM3_CH1
PA7.Locked=true
PA7.Signal=S_TIM3_CH2
PA9.Locked=true
PA9.Mode=I2C
PA9.Signal=I2C1_SCL
PF0-OSC_IN.Locked=true
PF0-OSC_IN.Signal=GPIO_Output
PF1-OSC_OUT.Locked=true
PF1-OSC_OUT.Signal=GPIO_Output
PinOutPanel.RotationAngle=0
ProjectManager.AskForMigrate=true
ProjectManager.BackupPrevious=false
ProjectManager.CompilerOptimize=6
ProjectManager.ComputerToolchain=false
ProjectManager.CoupleFile=true
ProjectManager.CustomerFirmwarePackage=
ProjectManager.DefaultFWLocation=true
ProjectManager.DeletePrevious=true
ProjectManager.DeviceId=STM32F042F6Px
ProjectManager.FirmwarePackage=STM32Cube FW_F0 V1.11.3
ProjectManager.FreePins=false
ProjectManager.HalAssertFull=false
ProjectManager.HeapSize=0x200
ProjectManager.KeepUserCode=true
ProjectManager.LastFirmware=true
ProjectManager.LibraryCopy=1
ProjectManager.MainLocation=Core/Src
ProjectManager.NoMain=false
ProjectManager.PreviousToolchain=SW4STM32
ProjectManager.ProjectBuild=false
ProjectManager.ProjectFileName=ServoDrive-fw.ioc
ProjectManager.ProjectName=ServoDrive-fw
ProjectManager.RegisterCallBack=
ProjectManager.StackSize=0x400
ProjectManager.TargetToolchain=SW4STM32
ProjectManager.ToolChainLocation=
ProjectManager.UnderRoot=true
ProjectManager.functionlistsort=1-MX_GPIO_Init-GPIO-false-HAL-true,2-MX_DMA_Init-DMA-false-HAL-true,3-SystemClock_Config-RCC-false-HAL-false,4-MX_ADC_Init-ADC-false-HAL-true,5-MX_I2C1_Init-I2C1-true-HAL-true,6-MX_TIM3_Init-TIM3-false-HAL-true,7-MX_TIM14_Init-TIM14-false-HAL-true
RCC.AHBFreq_Value=48000000
RCC.APB1Freq_Value=48000000
RCC.APB1TimFreq_Value=48000000
RCC.CECFreq_Value=32786.88524590164
RCC.FCLKCortexFreq_Value=48000000
RCC.FamilyName=M
RCC.HCLKFreq_Value=48000000
RCC.HSICECFreq_Value=32786.88524590164
RCC.I2SFreq_Value=48000000
RCC.IPParameters=AHBFreq_Value,APB1Freq_Value,APB1TimFreq_Value,CECFreq_Value,FCLKCortexFreq_Value,FamilyName,HCLKFreq_Value,HSICECFreq_Value,I2SFreq_Value,PLLCLKFreq_Value,SYSCLKFreq_VALUE,SYSCLKSource,TimSysFreq_Value,USART1Freq_Value,VCOOutput2Freq_Value
RCC.PLLCLKFreq_Value=16000000
RCC.SYSCLKFreq_VALUE=48000000
RCC.SYSCLKSource=RCC_SYSCLKSOURCE_HSI48
RCC.TimSysFreq_Value=48000000
RCC.USART1Freq_Value=48000000
RCC.VCOOutput2Freq_Value=8000000
SH.S_TIM3_CH1.0=TIM3_CH1,PWM Generation1 CH1
SH.S_TIM3_CH1.ConfNb=1
SH.S_TIM3_CH2.0=TIM3_CH2,PWM Generation2 CH2
SH.S_TIM3_CH2.ConfNb=1
TIM14.IPParameters=Prescaler,Period
TIM14.Period=4999
TIM14.Prescaler=47
TIM3.Channel-PWM\ Generation1\ CH1=TIM_CHANNEL_1
TIM3.Channel-PWM\ Generation2\ CH2=TIM_CHANNEL_2
TIM3.IPParameters=Channel-PWM Generation1 CH1,Channel-PWM Generation2 CH2,Prescaler,Period
TIM3.Period=999
TIM3.Prescaler=0
VP_SYS_VS_Systick.Mode=SysTick
VP_SYS_VS_Systick.Signal=SYS_VS_Systick
VP_TIM14_VS_ClockSourceINT.Mode=Enable_Timer
VP_TIM14_VS_ClockSourceINT.Signal=TIM14_VS_ClockSourceINT
board=custom
